
Microsoft Visual Studio Solution File, Format Version 12.00
# Visual Studio Version 16
VisualStudioVersion = 16.0.30804.86
MinimumVisualStudioVersion = 10.0.40219.1
Project("{2150E333-8FDC-42A3-9474-1A3956D46DE8}") = "Ecommerce.Taxas.API", "Ecommerce.Taxas.API", "{485CFCC3-EE88-4621-B1A9-E675D67F0A26}"
EndProject
Project("{2150E333-8FDC-42A3-9474-1A3956D46DE8}") = "Ecommerce.Taxas.Service", "Ecommerce.Taxas.Service", "{F0DA2E6A-22D8-4308-9248-A3A72CFD822F}"
EndProject
Project("{2150E333-8FDC-42A3-9474-1A3956D46DE8}") = "Ecommerce.Taxas.Domain", "Ecommerce.Taxas.Domain", "{A8D1FBFB-5D7A-430C-8A08-6752D998BB59}"
EndProject
Project("{9A19103F-16F7-4668-BE54-9A1E7A4F7556}") = "TaxasApi", "TaxasApi\TaxasApi.csproj", "{DE801C18-EAF7-4475-B0CD-7BEBAA2A0926}"
EndProject
Project("{9A19103F-16F7-4668-BE54-9A1E7A4F7556}") = "Service", "Service\Service.csproj", "{D876F781-2712-422C-AD4E-B000E8CCB15C}"
EndProject
Project("{9A19103F-16F7-4668-BE54-9A1E7A4F7556}") = "Domain", "Domain\Domain.csproj", "{F6326F35-D384-4721-81B0-BBA3891AA629}"
EndProject
Project("{2150E333-8FDC-42A3-9474-1A3956D46DE8}") = "Solution Items", "Solution Items", "{5B750E6B-D7BA-44FD-AEE4-F22F7E08506E}"
	ProjectSection(SolutionItems) = preProject
		README.md = README.md
	EndProjectSection
EndProject
Global
	GlobalSection(SolutionConfigurationPlatforms) = preSolution
		Debug|Any CPU = Debug|Any CPU
		Release|Any CPU = Release|Any CPU
	EndGlobalSection
	GlobalSection(ProjectConfigurationPlatforms) = postSolution
		{DE801C18-EAF7-4475-B0CD-7BEBAA2A0926}.Debug|Any CPU.ActiveCfg = Debug|Any CPU
		{DE801C18-EAF7-4475-B0CD-7BEBAA2A0926}.Debug|Any CPU.Build.0 = Debug|Any CPU
		{DE801C18-EAF7-4475-B0CD-7BEBAA2A0926}.Release|Any CPU.ActiveCfg = Release|Any CPU
		{DE801C18-EAF7-4475-B0CD-7BEBAA2A0926}.Release|Any CPU.Build.0 = Release|Any CPU
		{D876F781-2712-422C-AD4E-B000E8CCB15C}.Debug|Any CPU.ActiveCfg = Debug|Any CPU
		{D876F781-2712-422C-AD4E-B000E8CCB15C}.Debug|Any CPU.Build.0 = Debug|Any CPU
		{D876F781-2712-422C-AD4E-B000E8CCB15C}.Release|Any CPU.ActiveCfg = Release|Any CPU
		{D876F781-2712-422C-AD4E-B000E8CCB15C}.Release|Any CPU.Build.0 = Release|Any CPU
		{F6326F35-D384-4721-81B0-BBA3891AA629}.Debug|Any CPU.ActiveCfg = Debug|Any CPU
		{F6326F35-D384-4721-81B0-BBA3891AA629}.Debug|Any CPU.Build.0 = Debug|Any CPU
		{F6326F35-D384-4721-81B0-BBA3891AA629}.Release|Any CPU.ActiveCfg = Release|Any CPU
		{F6326F35-D384-4721-81B0-BBA3891AA629}.Release|Any CPU.Build.0 = Release|Any CPU
	EndGlobalSection
	GlobalSection(SolutionProperties) = preSolution
		HideSolutionNode = FALSE
	EndGlobalSection
	GlobalSection(NestedProjects) = preSolution
		{DE801C18-EAF7-4475-B0CD-7BEBAA2A0926} = {485CFCC3-EE88-4621-B1A9-E675D67F0A26}
		{D876F781-2712-422C-AD4E-B000E8CCB15C} = {F0DA2E6A-22D8-4308-9248-A3A72CFD822F}
		{F6326F35-D384-4721-81B0-BBA3891AA629} = {A8D1FBFB-5D7A-430C-8A08-6752D998BB59}
	EndGlobalSection
	GlobalSection(ExtensibilityGlobals) = postSolution
		SolutionGuid = {6C3D69B5-D13D-444F-BCC4-F98132A54B10}
	EndGlobalSection
EndGlobal
